
Microsoft Visual Studio Solution File, Format Version 12.00
# Visual Studio Version 17
VisualStudioVersion = 17.13.35931.197
MinimumVisualStudioVersion = 10.0.40219.1
Project("{FAE04EC0-301F-11D3-BF4B-00C04F79EFBC}") = "MauiApp16", "MauiApp16\MauiApp16\MauiApp16.csproj", "{0B94B194-72B4-4FFB-BA18-D55E49D0E20C}"
EndProject
Project("{FAE04EC0-301F-11D3-BF4B-00C04F79EFBC}") = "MauiApp16.WinUI", "MauiApp16\MauiApp16.WinUI\MauiApp16.WinUI.csproj", "{CB0236CB-15AC-4A99-9556-E5EC41BA3636}"
EndProject
Project("{FAE04EC0-301F-11D3-BF4B-00C04F79EFBC}") = "MauiApp16.Tests", "MauiApp16\MauiApp16.Tests\MauiApp16.Tests.csproj", "{C1DED637-514E-D04A-21C2-70CAC88B2745}"
EndProject
Global
	GlobalSection(SolutionConfigurationPlatforms) = preSolution
		Debug|Any CPU = Debug|Any CPU
		Release|Any CPU = Release|Any CPU
	EndGlobalSection
	GlobalSection(ProjectConfigurationPlatforms) = postSolution
		{0B94B194-72B4-4FFB-BA18-D55E49D0E20C}.Debug|Any CPU.ActiveCfg = Debug|Any CPU
		{0B94B194-72B4-4FFB-BA18-D55E49D0E20C}.Debug|Any CPU.Build.0 = Debug|Any CPU
		{0B94B194-72B4-4FFB-BA18-D55E49D0E20C}.Release|Any CPU.ActiveCfg = Release|Any CPU
		{0B94B194-72B4-4FFB-BA18-D55E49D0E20C}.Release|Any CPU.Build.0 = Release|Any CPU
		{CB0236CB-15AC-4A99-9556-E5EC41BA3636}.Debug|Any CPU.ActiveCfg = Debug|x64
		{CB0236CB-15AC-4A99-9556-E5EC41BA3636}.Debug|Any CPU.Build.0 = Debug|x64
		{CB0236CB-15AC-4A99-9556-E5EC41BA3636}.Release|Any CPU.ActiveCfg = Release|x64
		{CB0236CB-15AC-4A99-9556-E5EC41BA3636}.Release|Any CPU.Build.0 = Release|x64
		{C1DED637-514E-D04A-21C2-70CAC88B2745}.Debug|Any CPU.ActiveCfg = Debug|Any CPU
		{C1DED637-514E-D04A-21C2-70CAC88B2745}.Debug|Any CPU.Build.0 = Debug|Any CPU
		{C1DED637-514E-D04A-21C2-70CAC88B2745}.Release|Any CPU.ActiveCfg = Release|Any CPU
		{C1DED637-514E-D04A-21C2-70CAC88B2745}.Release|Any CPU.Build.0 = Release|Any CPU
	EndGlobalSection
	GlobalSection(SolutionProperties) = preSolution
		HideSolutionNode = FALSE
	EndGlobalSection
	GlobalSection(ExtensibilityGlobals) = postSolution
		SolutionGuid = {55AFEECD-0B68-4B04-965F-5F610F34FC7E}
	EndGlobalSection
EndGlobal
